<?xml version="1.0" encoding="utf-8"?>
<Project ToolsVersion="4.0" xmlns="http://schemas.microsoft.com/developer/msbuild/2003">
  <ItemGroup>
    <Filter Include="Source Files">
      <UniqueIdentifier>{4FC737F1-C7A5-4376-A066-2A32D752A2FF}</UniqueIdentifier>
      <Extensions>cpp;c;cc;cxx;def;odl;idl;hpj;bat;asm;asmx</Extensions>
    </Filter>
    <Filter Include="Header Files">
      <UniqueIdentifier>{93995380-89BD-4b04-88EB-625FBE52EBFB}</UniqueIdentifier>
      <Extensions>h;hh;hpp;hxx;hm;inl;inc;xsd</Extensions>
    </Filter>
  </ItemGroup>
  <ItemGroup>
    <ClInclude Include="..\Base.h">
      <Filter>Header Files</Filter>
    </ClInclude>
    <ClInclude Include="..\CoreLib.h">
      <Filter>Header Files</Filter>
    </ClInclude>
    <ClInclude Include="..\CoreUtils.h">
      <Filter>Header Files</Filter>
    </ClInclude>
    <ClInclude Include="..\Crc32.h">
      <Filter>Header Files</Filter>
    </ClInclude>
    <ClInclude Include="..\Diagnostic.h">
      <Filter>Header Files</Filter>
    </ClInclude>
    <ClInclude Include="..\DoubleNullStr.h">
      <Filter>Header Files</Filter>
    </ClInclude>
    <ClInclude Include="..\Errors.h">
      <Filter>Header Files</Filter>
    </ClInclude>
    <ClInclude Include="..\Event.h">
      <Filter>Header Files</Filter>
    </ClInclude>
    <ClInclude Include="..\FilePath.h">
      <Filter>Header Files</Filter>
    </ClInclude>
    <ClInclude Include="..\FileSystemUtils.h">
      <Filter>Header Files</Filter>
    </ClInclude>
    <ClInclude Include="..\MemBuffer.h">
      <Filter>Header Files</Filter>
    </ClInclude>
    <ClInclude Include="..\RegPath.h">
      <Filter>Header Files</Filter>
    </ClInclude>
    <ClInclude Include="..\Str.h">
      <Filter>Header Files</Filter>
    </ClInclude>
    <ClInclude Include="..\StrUtils.h">
      <Filter>Header Files</Filter>
    </ClInclude>
    <ClInclude Include="..\Thread.h">
      <Filter>Header Files</Filter>
    </ClInclude>
    <ClInclude Include="..\Url.h">
      <Filter>Header Files</Filter>
    </ClInclude>
    <ClInclude Include="..\UrlUtils.h">
      <Filter>Header Files</Filter>
    </ClInclude>
    <ClInclude Include="..\ThreadUtils.h">
      <Filter>Header Files</Filter>
    </ClInclude>
    <ClInclude Include="..\Fuzz.h">
      <Filter>Header Files</Filter>
    </ClInclude>
    <ClInclude Include="..\RegKey.h">
      <Filter>Header Files</Filter>
    </ClInclude>
    <ClInclude Include="..\Wmi.h">
      <Filter>Header Files</Filter>
    </ClInclude>
    <ClInclude Include="..\TimeUtils.h">
      <Filter>Header Files</Filter>
    </ClInclude>
    <ClInclude Include="..\CritSec.h">
      <Filter>Header Files</Filter>
    </ClInclude>
    <ClInclude Include="..\Mac.h">
      <Filter>Header Files</Filter>
    </ClInclude>
    <ClInclude Include="..\FilePathUtils.h">
      <Filter>Header Files</Filter>
    </ClInclude>
    <ClInclude Include="..\CityHash.h">
      <Filter>Header Files</Filter>
    </ClInclude>
    <ClInclude Include="..\IniFile.h">
      <Filter>Header Files</Filter>
    </ClInclude>
    <ClInclude Include="..\RandUtils.h">
      <Filter>Header Files</Filter>
    </ClInclude>
    <ClInclude Include="..\TextFile.h">
      <Filter>Header Files</Filter>
    </ClInclude>
    <ClInclude Include="..\WhitespaceParser.h">
      <Filter>Header Files</Filter>
    </ClInclude>
    <ClInclude Include="..\RegexUtils.h">
      <Filter>Header Files</Filter>
    </ClInclude>
    <ClInclude Include="..\BlockingQueue.h">
      <Filter>Header Files</Filter>
    </ClInclude>
    <ClInclude Include="..\ProcessUtils.h">
      <Filter>Header Files</Filter>
    </ClInclude>
    <ClInclude Include="..\ExceptionUtils.h">
      <Filter>Header Files</Filter>
    </ClInclude>
    <ClInclude Include="..\MemStream.h">
      <Filter>Header Files</Filter>
    </ClInclude>
    <ClInclude Include="..\NetUtils.h">
      <Filter>Header Files</Filter>
    </ClInclude>
    <ClInclude Include="..\WtsUtils.h">
      <Filter>Header Files</Filter>
    </ClInclude>
    <ClInclude Include="..\Container.h">
      <Filter>Header Files</Filter>
    </ClInclude>
    <ClInclude Include="..\PlatformUtils.h">
      <Filter>Header Files</Filter>
    </ClInclude>
    <ClInclude Include="..\StlHelper.h">
      <Filter>Header Files</Filter>
    </ClInclude>
    <ClInclude Include="..\IPv6.h">
      <Filter>Header Files</Filter>
    </ClInclude>
    <ClInclude Include="..\SrwLock.h">
      <Filter>Header Files</Filter>
    </ClInclude>
    <ClInclude Include="..\FilePathConverter.h">
      <Filter>Header Files</Filter>
    </ClInclude>
    <ClInclude Include="..\FileTraverse.h">
      <Filter>Header Files</Filter>
    </ClInclude>
    <ClInclude Include="..\PowerUtils.h">
      <Filter>Header Files</Filter>
    </ClInclude>
    <ClInclude Include="..\MemoryHelper.h">
      <Filter>Header Files</Filter>
    </ClInclude>
    <ClInclude Include="..\PrivilegeManager.h">
      <Filter>Header Files</Filter>
    </ClInclude>
    <ClInclude Include="..\Impersonator.h">
      <Filter>Header Files</Filter>
    </ClInclude>
  </ItemGroup>
  <ItemGroup>
    <ClCompile Include="..\CoreLib.cpp">
      <Filter>Source Files</Filter>
    </ClCompile>
    <ClCompile Include="..\CoreUtils.cpp">
      <Filter>Source Files</Filter>
    </ClCompile>
    <ClCompile Include="..\Crc32.cpp">
      <Filter>Source Files</Filter>
    </ClCompile>
    <ClCompile Include="..\Diagnostic.cpp">
      <Filter>Source Files</Filter>
    </ClCompile>
    <ClCompile Include="..\Event.cpp">
      <Filter>Source Files</Filter>
    </ClCompile>
    <ClCompile Include="..\FilePath.cpp">
      <Filter>Source Files</Filter>
    </ClCompile>
    <ClCompile Include="..\FileSystemUtils.cpp">
      <Filter>Source Files</Filter>
    </ClCompile>
    <ClCompile Include="..\MemBuffer.cpp">
      <Filter>Source Files</Filter>
    </ClCompile>
    <ClCompile Include="..\RegPath.cpp">
      <Filter>Source Files</Filter>
    </ClCompile>
    <ClCompile Include="..\Str.cpp">
      <Filter>Source Files</Filter>
    </ClCompile>
    <ClCompile Include="..\StrUtils.cpp">
      <Filter>Source Files</Filter>
    </ClCompile>
    <ClCompile Include="..\Thread.cpp">
      <Filter>Source Files</Filter>
    </ClCompile>
    <ClCompile Include="..\Url.cpp">
      <Filter>Source Files</Filter>
    </ClCompile>
    <ClCompile Include="..\UrlUtils.cpp">
      <Filter>Source Files</Filter>
    </ClCompile>
    <ClCompile Include="..\ThreadUtils.cpp">
      <Filter>Source Files</Filter>
    </ClCompile>
    <ClCompile Include="..\RegKey.cpp">
      <Filter>Source Files</Filter>
    </ClCompile>
    <ClCompile Include="..\Wmi.cpp">
      <Filter>Source Files</Filter>
    </ClCompile>
    <ClCompile Include="..\TimeUtils.cpp">
      <Filter>Source Files</Filter>
    </ClCompile>
    <ClCompile Include="..\Errors.cpp">
      <Filter>Source Files</Filter>
    </ClCompile>
    <ClCompile Include="..\DoubleNullStr.cpp">
      <Filter>Source Files</Filter>
    </ClCompile>
    <ClCompile Include="..\CritSec.cpp">
      <Filter>Source Files</Filter>
    </ClCompile>
    <ClCompile Include="..\Mac.cpp">
      <Filter>Source Files</Filter>
    </ClCompile>
    <ClCompile Include="..\FilePathUtils.cpp">
      <Filter>Source Files</Filter>
    </ClCompile>
    <ClCompile Include="..\CityHash.cpp">
      <Filter>Source Files</Filter>
    </ClCompile>
    <ClCompile Include="..\IniFile.cpp">
      <Filter>Source Files</Filter>
    </ClCompile>
    <ClCompile Include="..\RandUtils.cpp">
      <Filter>Source Files</Filter>
    </ClCompile>
    <ClCompile Include="..\TextFile.cpp">
      <Filter>Source Files</Filter>
    </ClCompile>
    <ClCompile Include="..\WhitespaceParser.cpp">
      <Filter>Source Files</Filter>
    </ClCompile>
    <ClCompile Include="..\RegexUtils.cpp">
      <Filter>Source Files</Filter>
    </ClCompile>
    <ClCompile Include="..\ProcessUtils.cpp">
      <Filter>Source Files</Filter>
    </ClCompile>
    <ClCompile Include="..\ExceptionUtils.cpp">
      <Filter>Source Files</Filter>
    </ClCompile>
    <ClCompile Include="..\MemStream.cpp">
      <Filter>Source Files</Filter>
    </ClCompile>
    <ClCompile Include="..\NetUtils.cpp">
      <Filter>Source Files</Filter>
    </ClCompile>
    <ClCompile Include="..\WtsUtils.cpp">
      <Filter>Source Files</Filter>
    </ClCompile>
    <ClCompile Include="..\Container.cpp">
      <Filter>Source Files</Filter>
    </ClCompile>
    <ClCompile Include="..\PlatformUtils.cpp">
      <Filter>Source Files</Filter>
    </ClCompile>
    <ClCompile Include="..\StlHelper.cpp">
      <Filter>Source Files</Filter>
    </ClCompile>
    <ClCompile Include="..\IPv6.cpp">
      <Filter>Source Files</Filter>
    </ClCompile>
    <ClCompile Include="..\SrwLock.cpp">
      <Filter>Source Files</Filter>
    </ClCompile>
    <ClCompile Include="..\FilePathConverter.cpp">
      <Filter>Source Files</Filter>
    </ClCompile>
    <ClCompile Include="..\FileTraverse.cpp">
      <Filter>Source Files</Filter>
    </ClCompile>
    <ClCompile Include="..\PowerUtils.cpp">
      <Filter>Source Files</Filter>
    </ClCompile>
    <ClCompile Include="..\MemoryHelper.cpp">
      <Filter>Source Files</Filter>
    </ClCompile>
    <ClCompile Include="..\PrivilegeManager.cpp">
      <Filter>Source Files</Filter>
    </ClCompile>
    <ClCompile Include="..\Impersonator.cpp">
      <Filter>Source Files</Filter>
    </ClCompile>
  </ItemGroup>
</Project>